// !$*UTF8*$!
{
	archiveVersion = 1;
	classes = {
	};
	objectVersion = 46;
	objects = {

/* Begin PBXBuildFile section */
		2424232E18F96C0F009B3DE8 /* Cocoa.framework in Frameworks */ = {isa = PBXBuildFile; fileRef = 2424232D18F96C0F009B3DE8 /* Cocoa.framework */; };
		2424233018F96C0F009B3DE8 /* SpriteKit.framework in Frameworks */ = {isa = PBXBuildFile; fileRef = 2424232F18F96C0F009B3DE8 /* SpriteKit.framework */; };
		2424233A18F96C0F009B3DE8 /* InfoPlist.strings in Resources */ = {isa = PBXBuildFile; fileRef = 2424233818F96C0F009B3DE8 /* InfoPlist.strings */; };
		2424233C18F96C0F009B3DE8 /* main.m in Sources */ = {isa = PBXBuildFile; fileRef = 2424233B18F96C0F009B3DE8 /* main.m */; };
		2424234018F96C0F009B3DE8 /* Credits.rtf in Resources */ = {isa = PBXBuildFile; fileRef = 2424233E18F96C0F009B3DE8 /* Credits.rtf */; };
		2424234218F96C0F009B3DE8 /* MainMenu.xib in Resources */ = {isa = PBXBuildFile; fileRef = 2424234118F96C0F009B3DE8 /* MainMenu.xib */; };
		2424234418F96C0F009B3DE8 /* ZMMyScene.m in Sources */ = {isa = PBXBuildFile; fileRef = 2424234318F96C0F009B3DE8 /* ZMMyScene.m */; };
		2424234718F96C0F009B3DE8 /* ZMAppDelegate.m in Sources */ = {isa = PBXBuildFile; fileRef = 2424234618F96C0F009B3DE8 /* ZMAppDelegate.m */; };
		2424234A18F96C0F009B3DE8 /* Spaceship.png in Resources */ = {isa = PBXBuildFile; fileRef = 2424234918F96C0F009B3DE8 /* Spaceship.png */; };
		2424234C18F96C0F009B3DE8 /* Images.xcassets in Resources */ = {isa = PBXBuildFile; fileRef = 2424234B18F96C0F009B3DE8 /* Images.xcassets */; };
		2424235318F96C10009B3DE8 /* XCTest.framework in Frameworks */ = {isa = PBXBuildFile; fileRef = 2424235218F96C10009B3DE8 /* XCTest.framework */; };
		2424235418F96C10009B3DE8 /* Cocoa.framework in Frameworks */ = {isa = PBXBuildFile; fileRef = 2424232D18F96C0F009B3DE8 /* Cocoa.framework */; };
		2424235C18F96C10009B3DE8 /* InfoPlist.strings in Resources */ = {isa = PBXBuildFile; fileRef = 2424235A18F96C10009B3DE8 /* InfoPlist.strings */; };
		2424235E18F96C10009B3DE8 /* MagnetsTests.m in Sources */ = {isa = PBXBuildFile; fileRef = 2424235D18F96C10009B3DE8 /* MagnetsTests.m */; };
/* End PBXBuildFile section */

/* Begin PBXContainerItemProxy section */
		2424235518F96C10009B3DE8 /* PBXContainerItemProxy */ = {
			isa = PBXContainerItemProxy;
			containerPortal = 2424232218F96C0F009B3DE8 /* Project object */;
			proxyType = 1;
			remoteGlobalIDString = 2424232918F96C0F009B3DE8;
			remoteInfo = Magnets;
		};
/* End PBXContainerItemProxy section */

/* Begin PBXFileReference section */
		2424232A18F96C0F009B3DE8 /* Magnets.app */ = {isa = PBXFileReference; explicitFileType = wrapper.application; includeInIndex = 0; path = Magnets.app; sourceTree = BUILT_PRODUCTS_DIR; };
		2424232D18F96C0F009B3DE8 /* Cocoa.framework */ = {isa = PBXFileReference; lastKnownFileType = wrapper.framework; name = Cocoa.framework; path = System/Library/Frameworks/Cocoa.framework; sourceTree = SDKROOT; };
		2424232F18F96C0F009B3DE8 /* SpriteKit.framework */ = {isa = PBXFileReference; lastKnownFileType = wrapper.framework; name = SpriteKit.framework; path = System/Library/Frameworks/SpriteKit.framework; sourceTree = SDKROOT; };
		2424233218F96C0F009B3DE8 /* AppKit.framework */ = {isa = PBXFileReference; lastKnownFileType = wrapper.framework; name = AppKit.framework; path = System/Library/Frameworks/AppKit.framework; sourceTree = SDKROOT; };
		2424233318F96C0F009B3DE8 /* CoreData.framework */ = {isa = PBXFileReference; lastKnownFileType = wrapper.framework; name = CoreData.framework; path = System/Library/Frameworks/CoreData.framework; sourceTree = SDKROOT; };
		2424233418F96C0F009B3DE8 /* Foundation.framework */ = {isa = PBXFileReference; lastKnownFileType = wrapper.framework; name = Foundation.framework; path = System/Library/Frameworks/Foundation.framework; sourceTree = SDKROOT; };
		2424233718F96C0F009B3DE8 /* Magnets-Info.plist */ = {isa = PBXFileReference; lastKnownFileType = text.plist.xml; path = "Magnets-Info.plist"; sourceTree = "<group>"; };
		2424233918F96C0F009B3DE8 /* en */ = {isa = PBXFileReference; lastKnownFileType = text.plist.strings; name = en; path = en.lproj/InfoPlist.strings; sourceTree = "<group>"; };
		2424233B18F96C0F009B3DE8 /* main.m */ = {isa = PBXFileReference; lastKnownFileType = sourcecode.c.objc; path = main.m; sourceTree = "<group>"; };
		2424233D18F96C0F009B3DE8 /* Magnets-Prefix.pch */ = {isa = PBXFileReference; lastKnownFileType = sourcecode.c.h; path = "Magnets-Prefix.pch"; sourceTree = "<group>"; };
		2424233F18F96C0F009B3DE8 /* en */ = {isa = PBXFileReference; lastKnownFileType = text.rtf; name = en; path = en.lproj/Credits.rtf; sourceTree = "<group>"; };
		2424234118F96C0F009B3DE8 /* MainMenu.xib */ = {isa = PBXFileReference; lastKnownFileType = file.xib; path = MainMenu.xib; sourceTree = "<group>"; };
		2424234318F96C0F009B3DE8 /* ZMMyScene.m */ = {isa = PBXFileReference; lastKnownFileType = sourcecode.c.objc; path = ZMMyScene.m; sourceTree = "<group>"; };
		2424234518F96C0F009B3DE8 /* ZMMyScene.h */ = {isa = PBXFileReference; lastKnownFileType = sourcecode.c.h; path = ZMMyScene.h; sourceTree = "<group>"; };
		2424234618F96C0F009B3DE8 /* ZMAppDelegate.m */ = {isa = PBXFileReference; lastKnownFileType = sourcecode.c.objc; path = ZMAppDelegate.m; sourceTree = "<group>"; };
		2424234818F96C0F009B3DE8 /* ZMAppDelegate.h */ = {isa = PBXFileReference; lastKnownFileType = sourcecode.c.h; path = ZMAppDelegate.h; sourceTree = "<group>"; };
		2424234918F96C0F009B3DE8 /* Spaceship.png */ = {isa = PBXFileReference; lastKnownFileType = image.png; path = Spaceship.png; sourceTree = "<group>"; };
		2424234B18F96C0F009B3DE8 /* Images.xcassets */ = {isa = PBXFileReference; lastKnownFileType = folder.assetcatalog; path = Images.xcassets; sourceTree = "<group>"; };
		2424235118F96C10009B3DE8 /* MagnetsTests.xctest */ = {isa = PBXFileReference; explicitFileType = wrapper.cfbundle; includeInIndex = 0; path = MagnetsTests.xctest; sourceTree = BUILT_PRODUCTS_DIR; };
		2424235218F96C10009B3DE8 /* XCTest.framework */ = {isa = PBXFileReference; lastKnownFileType = wrapper.framework; name = XCTest.framework; path = Library/Frameworks/XCTest.framework; sourceTree = DEVELOPER_DIR; };
		2424235918F96C10009B3DE8 /* MagnetsTests-Info.plist */ = {isa = PBXFileReference; lastKnownFileType = text.plist.xml; path = "MagnetsTests-Info.plist"; sourceTree = "<group>"; };
		2424235B18F96C10009B3DE8 /* en */ = {isa = PBXFileReference; lastKnownFileType = text.plist.strings; name = en; path = en.lproj/InfoPlist.strings; sourceTree = "<group>"; };
		2424235D18F96C10009B3DE8 /* MagnetsTests.m */ = {isa = PBXFileReference; lastKnownFileType = sourcecode.c.objc; path = MagnetsTests.m; sourceTree = "<group>"; };
/* End PBXFileReference section */

/* Begin PBXFrameworksBuildPhase section */
		2424232718F96C0F009B3DE8 /* Frameworks */ = {
			isa = PBXFrameworksBuildPhase;
			buildActionMask = 2147483647;
			files = (
				2424233018F96C0F009B3DE8 /* SpriteKit.framework in Frameworks */,
				2424232E18F96C0F009B3DE8 /* Cocoa.framework in Frameworks */,
			);
			runOnlyForDeploymentPostprocessing = 0;
		};
		2424234E18F96C10009B3DE8 /* Frameworks */ = {
			isa = PBXFrameworksBuildPhase;
			buildActionMask = 2147483647;
			files = (
				2424235418F96C10009B3DE8 /* Cocoa.framework in Frameworks */,
				2424235318F96C10009B3DE8 /* XCTest.framework in Frameworks */,
			);
			runOnlyForDeploymentPostprocessing = 0;
		};
/* End PBXFrameworksBuildPhase section */

/* Begin PBXGroup section */
		2424232118F96C0F009B3DE8 = {
			isa = PBXGroup;
			children = (
				2424233518F96C0F009B3DE8 /* Magnets */,
				2424235718F96C10009B3DE8 /* MagnetsTests */,
				2424232C18F96C0F009B3DE8 /* Frameworks */,
				2424232B18F96C0F009B3DE8 /* Products */,
			);
			sourceTree = "<group>";
		};
		2424232B18F96C0F009B3DE8 /* Products */ = {
			isa = PBXGroup;
			children = (
				2424232A18F96C0F009B3DE8 /* Magnets.app */,
				2424235118F96C10009B3DE8 /* MagnetsTests.xctest */,
			);
			name = Products;
			sourceTree = "<group>";
		};
		2424232C18F96C0F009B3DE8 /* Frameworks */ = {
			isa = PBXGroup;
			children = (
				2424232D18F96C0F009B3DE8 /* Cocoa.framework */,
				2424232F18F96C0F009B3DE8 /* SpriteKit.framework */,
				2424235218F96C10009B3DE8 /* XCTest.framework */,
				2424233118F96C0F009B3DE8 /* Other Frameworks */,
			);
			name = Frameworks;
			sourceTree = "<group>";
		};
		2424233118F96C0F009B3DE8 /* Other Frameworks */ = {
			isa = PBXGroup;
			children = (
				2424233218F96C0F009B3DE8 /* AppKit.framework */,
				2424233318F96C0F009B3DE8 /* CoreData.framework */,
				2424233418F96C0F009B3DE8 /* Foundation.framework */,
			);
			name = "Other Frameworks";
			sourceTree = "<group>";
		};
		2424233518F96C0F009B3DE8 /* Magnets */ = {
			isa = PBXGroup;
			children = (
				2424234118F96C0F009B3DE8 /* MainMenu.xib */,
				2424234318F96C0F009B3DE8 /* ZMMyScene.m */,
				2424234518F96C0F009B3DE8 /* ZMMyScene.h */,
				2424234618F96C0F009B3DE8 /* ZMAppDelegate.m */,
				2424234818F96C0F009B3DE8 /* ZMAppDelegate.h */,
				2424234918F96C0F009B3DE8 /* Spaceship.png */,
				2424234B18F96C0F009B3DE8 /* Images.xcassets */,
				2424233618F96C0F009B3DE8 /* Supporting Files */,
			);
			path = Magnets;
			sourceTree = "<group>";
		};
		2424233618F96C0F009B3DE8 /* Supporting Files */ = {
			isa = PBXGroup;
			children = (
				2424233718F96C0F009B3DE8 /* Magnets-Info.plist */,
				2424233818F96C0F009B3DE8 /* InfoPlist.strings */,
				2424233B18F96C0F009B3DE8 /* main.m */,
				2424233D18F96C0F009B3DE8 /* Magnets-Prefix.pch */,
				2424233E18F96C0F009B3DE8 /* Credits.rtf */,
			);
			name = "Supporting Files";
			sourceTree = "<group>";
		};
		2424235718F96C10009B3DE8 /* MagnetsTests */ = {
			isa = PBXGroup;
			children = (
				2424235D18F96C10009B3DE8 /* MagnetsTests.m */,
				2424235818F96C10009B3DE8 /* Supporting Files */,
			);
			path = MagnetsTests;
			sourceTree = "<group>";
		};
		2424235818F96C10009B3DE8 /* Supporting Files */ = {
			isa = PBXGroup;
			children = (
				2424235918F96C10009B3DE8 /* MagnetsTests-Info.plist */,
				2424235A18F96C10009B3DE8 /* InfoPlist.strings */,
			);
			name = "Supporting Files";
			sourceTree = "<group>";
		};
/* End PBXGroup section */

/* Begin PBXNativeTarget section */
		2424232918F96C0F009B3DE8 /* Magnets */ = {
			isa = PBXNativeTarget;
			buildConfigurationList = 2424236118F96C10009B3DE8 /* Build configuration list for PBXNativeTarget "Magnets" */;
			buildPhases = (
				2424232618F96C0F009B3DE8 /* Sources */,
				2424232718F96C0F009B3DE8 /* Frameworks */,
				2424232818F96C0F009B3DE8 /* Resources */,
			);
			buildRules = (
			);
			dependencies = (
			);
			name = Magnets;
			productName = Magnets;
			productReference = 2424232A18F96C0F009B3DE8 /* Magnets.app */;
			productType = "com.apple.product-type.application";
		};
		2424235018F96C10009B3DE8 /* MagnetsTests */ = {
			isa = PBXNativeTarget;
			buildConfigurationList = 2424236418F96C10009B3DE8 /* Build configuration list for PBXNativeTarget "MagnetsTests" */;
			buildPhases = (
				2424234D18F96C10009B3DE8 /* Sources */,
				2424234E18F96C10009B3DE8 /* Frameworks */,
				2424234F18F96C10009B3DE8 /* Resources */,
			);
			buildRules = (
			);
			dependencies = (
				2424235618F96C10009B3DE8 /* PBXTargetDependency */,
			);
			name = MagnetsTests;
			productName = MagnetsTests;
			productReference = 2424235118F96C10009B3DE8 /* MagnetsTests.xctest */;
			productType = "com.apple.product-type.bundle.unit-test";
		};
/* End PBXNativeTarget section */

/* Begin PBXProject section */
		2424232218F96C0F009B3DE8 /* Project object */ = {
			isa = PBXProject;
			attributes = {
				CLASSPREFIX = ZM;
				LastUpgradeCheck = 0510;
				ORGANIZATIONNAME = zaxdo;
				TargetAttributes = {
					2424235018F96C10009B3DE8 = {
						TestTargetID = 2424232918F96C0F009B3DE8;
					};
				};
			};
			buildConfigurationList = 2424232518F96C0F009B3DE8 /* Build configuration list for PBXProject "Magnets" */;
			compatibilityVersion = "Xcode 3.2";
			developmentRegion = English;
			hasScannedForEncodings = 0;
			knownRegions = (
				en,
			);
			mainGroup = 2424232118F96C0F009B3DE8;
			productRefGroup = 2424232B18F96C0F009B3DE8 /* Products */;
			projectDirPath = "";
			projectRoot = "";
			targets = (
				2424232918F96C0F009B3DE8 /* Magnets */,
				2424235018F96C10009B3DE8 /* MagnetsTests */,
			);
		};
/* End PBXProject section */

/* Begin PBXResourcesBuildPhase section */
		2424232818F96C0F009B3DE8 /* Resources */ = {
			isa = PBXResourcesBuildPhase;
			buildActionMask = 2147483647;
			files = (
				2424234A18F96C0F009B3DE8 /* Spaceship.png in Resources */,
				2424234C18F96C0F009B3DE8 /* Images.xcassets in Resources */,
				2424233A18F96C0F009B3DE8 /* InfoPlist.strings in Resources */,
				2424234018F96C0F009B3DE8 /* Credits.rtf in Resources */,
				2424234218F96C0F009B3DE8 /* MainMenu.xib in Resources */,
			);
			runOnlyForDeploymentPostprocessing = 0;
		};
		2424234F18F96C10009B3DE8 /* Resources */ = {
			isa = PBXResourcesBuildPhase;
			buildActionMask = 2147483647;
			files = (
				2424235C18F96C10009B3DE8 /* InfoPlist.strings in Resources */,
			);
			runOnlyForDeploymentPostprocessing = 0;
		};
/* End PBXResourcesBuildPhase section */

/* Begin PBXSourcesBuildPhase section */
		2424232618F96C0F009B3DE8 /* Sources */ = {
			isa = PBXSourcesBuildPhase;
			buildActionMask = 2147483647;
			files = (
				2424233C18F96C0F009B3DE8 /* main.m in Sources */,
				2424234418F96C0F009B3DE8 /* ZMMyScene.m in Sources */,
				2424234718F96C0F009B3DE8 /* ZMAppDelegate.m in Sources */,
			);
			runOnlyForDeploymentPostprocessing = 0;
		};
		2424234D18F96C10009B3DE8 /* Sources */ = {
			isa = PBXSourcesBuildPhase;
			buildActionMask = 2147483647;
			files = (
				2424235E18F96C10009B3DE8 /* MagnetsTests.m in Sources */,
			);
			runOnlyForDeploymentPostprocessing = 0;
		};
/* End PBXSourcesBuildPhase section */

/* Begin PBXTargetDependency section */
		2424235618F96C10009B3DE8 /* PBXTargetDependency */ = {
			isa = PBXTargetDependency;
			target = 2424232918F96C0F009B3DE8 /* Magnets */;
			targetProxy = 2424235518F96C10009B3DE8 /* PBXContainerItemProxy */;
		};
/* End PBXTargetDependency section */

/* Begin PBXVariantGroup section */
		2424233818F96C0F009B3DE8 /* InfoPlist.strings */ = {
			isa = PBXVariantGroup;
			children = (
				2424233918F96C0F009B3DE8 /* en */,
			);
			name = InfoPlist.strings;
			sourceTree = "<group>";
		};
		2424233E18F96C0F009B3DE8 /* Credits.rtf */ = {
			isa = PBXVariantGroup;
			children = (
				2424233F18F96C0F009B3DE8 /* en */,
			);
			name = Credits.rtf;
			sourceTree = "<group>";
		};
		2424235A18F96C10009B3DE8 /* InfoPlist.strings */ = {
			isa = PBXVariantGroup;
			children = (
				2424235B18F96C10009B3DE8 /* en */,
			);
			name = InfoPlist.strings;
			sourceTree = "<group>";
		};
/* End PBXVariantGroup section */

/* Begin XCBuildConfiguration section */
		2424235F18F96C10009B3DE8 /* Debug */ = {
			isa = XCBuildConfiguration;
			buildSettings = {
				ALWAYS_SEARCH_USER_PATHS = NO;
				CLANG_CXX_LANGUAGE_STANDARD = "gnu++0x";
				CLANG_CXX_LIBRARY = "libc++";
				CLANG_ENABLE_MODULES = YES;
				CLANG_ENABLE_OBJC_ARC = YES;
				CLANG_WARN_BOOL_CONVERSION = YES;
				CLANG_WARN_CONSTANT_CONVERSION = YES;
				CLANG_WARN_DIRECT_OBJC_ISA_USAGE = YES_ERROR;
				CLANG_WARN_EMPTY_BODY = YES;
				CLANG_WARN_ENUM_CONVERSION = YES;
				CLANG_WARN_INT_CONVERSION = YES;
				CLANG_WARN_OBJC_ROOT_CLASS = YES_ERROR;
				CLANG_WARN__DUPLICATE_METHOD_MATCH = YES;
				COPY_PHASE_STRIP = NO;
				GCC_C_LANGUAGE_STANDARD = gnu99;
				GCC_DYNAMIC_NO_PIC = NO;
				GCC_ENABLE_OBJC_EXCEPTIONS = YES;
				GCC_OPTIMIZATION_LEVEL = 0;
				GCC_PREPROCESSOR_DEFINITIONS = (
					"DEBUG=1",
					"$(inherited)",
				);
				GCC_SYMBOLS_PRIVATE_EXTERN = NO;
				GCC_WARN_64_TO_32_BIT_CONVERSION = YES;
				GCC_WARN_ABOUT_RETURN_TYPE = YES_ERROR;
				GCC_WARN_UNDECLARED_SELECTOR = YES;
				GCC_WARN_UNINITIALIZED_AUTOS = YES_AGGRESSIVE;
				GCC_WARN_UNUSED_FUNCTION = YES;
				GCC_WARN_UNUSED_VARIABLE = YES;
				MACOSX_DEPLOYMENT_TARGET = 10.9;
				ONLY_ACTIVE_ARCH = YES;
				SDKROOT = macosx;
			};
			name = Debug;
		};
		2424236018F96C10009B3DE8 /* Release */ = {
			isa = XCBuildConfiguration;
			buildSettings = {
				ALWAYS_SEARCH_USER_PATHS = NO;
				CLANG_CXX_LANGUAGE_STANDARD = "gnu++0x";
				CLANG_CXX_LIBRARY = "libc++";
				CLANG_ENABLE_MODULES = YES;
				CLANG_ENABLE_OBJC_ARC = YES;
				CLANG_WARN_BOOL_CONVERSION = YES;
				CLANG_WARN_CONSTANT_CONVERSION = YES;
				CLANG_WARN_DIRECT_OBJC_ISA_USAGE = YES_ERROR;
				CLANG_WARN_EMPTY_BODY = YES;
				CLANG_WARN_ENUM_CONVERSION = YES;
				CLANG_WARN_INT_CONVERSION = YES;
				CLANG_WARN_OBJC_ROOT_CLASS = YES_ERROR;
				CLANG_WARN__DUPLICATE_METHOD_MATCH = YES;
				COPY_PHASE_STRIP = YES;
				DEBUG_INFORMATION_FORMAT = "dwarf-with-dsym";
				ENABLE_NS_ASSERTIONS = NO;
				GCC_C_LANGUAGE_STANDARD = gnu99;
				GCC_ENABLE_OBJC_EXCEPTIONS = YES;
				GCC_WARN_64_TO_32_BIT_CONVERSION = YES;
				GCC_WARN_ABOUT_RETURN_TYPE = YES_ERROR;
				GCC_WARN_UNDECLARED_SELECTOR = YES;
				GCC_WARN_UNINITIALIZED_AUTOS = YES_AGGRESSIVE;
				GCC_WARN_UNUSED_FUNCTION = YES;
				GCC_WARN_UNUSED_VARIABLE = YES;
				MACOSX_DEPLOYMENT_TARGET = 10.9;
				SDKROOT = macosx;
			};
			name = Release;
		};
		2424236218F96C10009B3DE8 /* Debug */ = {
			isa = XCBuildConfiguration;
			buildSettings = {
				ASSETCATALOG_COMPILER_APPICON_NAME = AppIcon;
				COMBINE_HIDPI_IMAGES = YES;
				GCC_PRECOMPILE_PREFIX_HEADER = YES;
				GCC_PREFIX_HEADER = "Magnets/Magnets-Prefix.pch";
				INFOPLIST_FILE = "Magnets/Magnets-Info.plist";
				PRODUCT_NAME = "$(TARGET_NAME)";
				SPRITEKIT_TEXTURE_ATLAS_OUTPUT = YES;
				WRAPPER_EXTENSION = app;
			};
			name = Debug;
		};
		2424236318F96C10009B3DE8 /* Release */ = {
			isa = XCBuildConfiguration;
			buildSettings = {
				ASSETCATALOG_COMPILER_APPICON_NAME = AppIcon;
				COMBINE_HIDPI_IMAGES = YES;
				GCC_PRECOMPILE_PREFIX_HEADER = YES;
				GCC_PREFIX_HEADER = "Magnets/Magnets-Prefix.pch";
				INFOPLIST_FILE = "Magnets/Magnets-Info.plist";
				PRODUCT_NAME = "$(TARGET_NAME)";
				SPRITEKIT_TEXTURE_ATLAS_OUTPUT = YES;
				WRAPPER_EXTENSION = app;
			};
			name = Release;
		};
		2424236518F96C10009B3DE8 /* Debug */ = {
			isa = XCBuildConfiguration;
			buildSettings = {
				BUNDLE_LOADER = "$(BUILT_PRODUCTS_DIR)/Magnets.app/Contents/MacOS/Magnets";
				COMBINE_HIDPI_IMAGES = YES;
				FRAMEWORK_SEARCH_PATHS = (
					"$(DEVELOPER_FRAMEWORKS_DIR)",
					"$(inherited)",
				);
				GCC_PRECOMPILE_PREFIX_HEADER = YES;
				GCC_PREFIX_HEADER = "Magnets/Magnets-Prefix.pch";
				GCC_PREPROCESSOR_DEFINITIONS = (
					"DEBUG=1",
					"$(inherited)",
				);
				INFOPLIST_FILE = "MagnetsTests/MagnetsTests-Info.plist";
				PRODUCT_NAME = "$(TARGET_NAME)";
				TEST_HOST = "$(BUNDLE_LOADER)";
				WRAPPER_EXTENSION = xctest;
			};
			name = Debug;
		};
		2424236618F96C10009B3DE8 /* Release */ = {
			isa = XCBuildConfiguration;
			buildSettings = {
				BUNDLE_LOADER = "$(BUILT_PRODUCTS_DIR)/Magnets.app/Contents/MacOS/Magnets";
				COMBINE_HIDPI_IMAGES = YES;
				FRAMEWORK_SEARCH_PATHS = (
					"$(DEVELOPER_FRAMEWORKS_DIR)",
					"$(inherited)",
				);
				GCC_PRECOMPILE_PREFIX_HEADER = YES;
				GCC_PREFIX_HEADER = "Magnets/Magnets-Prefix.pch";
				INFOPLIST_FILE = "MagnetsTests/MagnetsTests-Info.plist";
				PRODUCT_NAME = "$(TARGET_NAME)";
				TEST_HOST = "$(BUNDLE_LOADER)";
				WRAPPER_EXTENSION = xctest;
			};
			name = Release;
		};
/* End XCBuildConfiguration section */

/* Begin XCConfigurationList section */
		2424232518F96C0F009B3DE8 /* Build configuration list for PBXProject "Magnets" */ = {
			isa = XCConfigurationList;
			buildConfigurations = (
				2424235F18F96C10009B3DE8 /* Debug */,
				2424236018F96C10009B3DE8 /* Release */,
			);
			defaultConfigurationIsVisible = 0;
			defaultConfigurationName = Release;
		};
		2424236118F96C10009B3DE8 /* Build configuration list for PBXNativeTarget "Magnets" */ = {
			isa = XCConfigurationList;
			buildConfigurations = (
				2424236218F96C10009B3DE8 /* Debug */,
				2424236318F96C10009B3DE8 /* Release */,
			);
			defaultConfigurationIsVisible = 0;
		};
		2424236418F96C10009B3DE8 /* Build configuration list for PBXNativeTarget "MagnetsTests" */ = {
			isa = XCConfigurationList;
			buildConfigurations = (
				2424236518F96C10009B3DE8 /* Debug */,
				2424236618F96C10009B3DE8 /* Release */,
			);
			defaultConfigurationIsVisible = 0;
		};
/* End XCConfigurationList section */
	};
	rootObject = 2424232218F96C0F009B3DE8 /* Project object */;
}
